
Microsoft Visual Studio Solution File, Format Version 12.00
# Visual Studio 2012
Project("{888888A0-9F3D-457C-B088-3A5042F75D52}") = "sat_bin_vs", "sat_bin_vs.pyproj", "{5BB06419-F54E-43E4-A9E2-F887F495DFDA}"
EndProject
Global
	GlobalSection(SolutionConfigurationPlatforms) = preSolution
		Debug|Any CPU = Debug|Any CPU
		Release|Any CPU = Release|Any CPU
	EndGlobalSection
	GlobalSection(ProjectConfigurationPlatforms) = postSolution
		{5BB06419-F54E-43E4-A9E2-F887F495DFDA}.Debug|Any CPU.ActiveCfg = Debug|Any CPU
		{5BB06419-F54E-43E4-A9E2-F887F495DFDA}.Debug|Any CPU.Build.0 = Debug|Any CPU
		{5BB06419-F54E-43E4-A9E2-F887F495DFDA}.Release|Any CPU.ActiveCfg = Release|Any CPU
		{5BB06419-F54E-43E4-A9E2-F887F495DFDA}.Release|Any CPU.Build.0 = Release|Any CPU
	EndGlobalSection
	GlobalSection(SolutionProperties) = preSolution
		HideSolutionNode = FALSE
	EndGlobalSection
EndGlobal
